
Microsoft Visual Studio Solution File, Format Version 12.00
# Visual Studio Version 16
VisualStudioVersion = 16.0.30128.74
MinimumVisualStudioVersion = 10.0.40219.1
Project("{FAE04EC0-301F-11D3-BF4B-00C04F79EFBC}") = "Clock_Radio", "Clock_Radio\Clock_Radio.csproj", "{67773E0B-DA0A-4BDE-8B2C-6CA509039979}"
EndProject
Project("{2150E333-8FDC-42A3-9474-1A3956D46DE8}") = "Solution Items", "Solution Items", "{A879D126-6FDA-40E0-BADD-E093E50CFF04}"
EndProject
Global
	GlobalSection(SolutionConfigurationPlatforms) = preSolution
		Debug|Any CPU = Debug|Any CPU
		Release|Any CPU = Release|Any CPU
	EndGlobalSection
	GlobalSection(ProjectConfigurationPlatforms) = postSolution
		{67773E0B-DA0A-4BDE-8B2C-6CA509039979}.Debug|Any CPU.ActiveCfg = Debug|Any CPU
		{67773E0B-DA0A-4BDE-8B2C-6CA509039979}.Debug|Any CPU.Build.0 = Debug|Any CPU
		{67773E0B-DA0A-4BDE-8B2C-6CA509039979}.Release|Any CPU.ActiveCfg = Release|Any CPU
		{67773E0B-DA0A-4BDE-8B2C-6CA509039979}.Release|Any CPU.Build.0 = Release|Any CPU
	EndGlobalSection
	GlobalSection(SolutionProperties) = preSolution
		HideSolutionNode = FALSE
	EndGlobalSection
	GlobalSection(ExtensibilityGlobals) = postSolution
		SolutionGuid = {4D4D0870-87A3-4A0A-BF63-02BD840D4805}
	EndGlobalSection
EndGlobal
